id: Warlock
sucsId: 2721
xcood: 120.192
ycood: -257.747
spectralType:
  source: canon
  value: F9IV
primarySlot: 3
event:
  - date: '2365-06-30'
    zenithCharge: yes
  - date: '2368-06-06'
    nadirCharge: yes
planet:
  - name: Son of Man
    type: TERRESTRIAL
    orbitalDist: 0.44
    sysPos: 1
    icon: barren11
    pressure: THIN
    atmosphere: TOXICPOISON
    composition: Carbon Dioxide and Ammonia, plus trace amounts of Argon
    gravity: 0.65
    diameter: 9500
    density: 4.7795
    dayLength: 22
    yearLength: 1.1
    temperature: 450
    water: 0
  - name: Cummins
    type: TERRESTRIAL
    orbitalDist: 0.77
    sysPos: 2
    icon: barren23
    pressure: STANDARD
    atmosphere: TOXICCAUSTIC
    composition: Nitrogen and Carbon Dioxide, plus trace amounts of Sulfur Dioxide
    gravity: 0.65
    diameter: 9500
    density: 4.7795
    dayLength: 24
    yearLength: 1.2
    temperature: 289
    water: 0
    smallMoons: 2
  - name:
      source: canon
      value: Warlock
    type: TERRESTRIAL
    orbitalDist: 3.08
    sysPos: 3
    icon: dry10
    pressure:
      source: canon
      value: STANDARD
    atmosphere: BREATHABLE
    composition: Nitrogen and Oxygen, plus trace gases
    gravity:
      source: canon
      value: 1.03
    diameter: 13271
    density: 5.450353534791
    dayLength: 21
    yearLength: 5.5
    temperature:
      source: canon
      value: 5
    water:
      source: canon
      value: 12
    lifeForm:
      source: canon
      value: PLANT
    desc: |-
      Warlock is an ice-bound planet that hosts numerous resorts for nobles including a winter retreat for the Liao family. It is also the site of a major naval base for St. Ives. The planet also hosts a weapons testing facility and specialised winter training centers are located on the southern continent, while military research and development centers are located on the equator. Throughout its history the Confederation has taken advantage of Warlock’s proximity to the Federated Suns’ border, and often used the planet as a staging point for raids and other covert military or Maskirovka strikes. It was also a regular target for raids by elements of the Capellan March military and other forces of the Federated Suns.

      Warlock's capital city of Solitude is home to a Ceres Metals BattleMech and combat vehicle factory.

      Manufacturing centers:
      Ceres Metals
    landmass:
      - name:
          source: canon
          value: Warlock
        capital:
          source: canon
          value: Solitude
    satellite:
      - name: Blackguard
        size: medium
        icon: oddmoon3
    event:
      - date: '2245-11-12'
        faction:
          source: canon
          value:
            - SIMA
        population: 54168.0
        socioIndustrial: D-D-B-D-F
      - date: '2250-01-01'
        population: 119955.0
      - date: '2251-01-01'
        socioIndustrial: D-D-C-D-F
      - date: '2260-01-01'
        population: 498694.0
      - date: '2270-01-01'
        population: 1720435.0
      - date: '2280-01-01'
        population: 5021408.0
      - date: '2290-01-01'
        population: 12648754.0
      - date: '2300-01-01'
        population: 28086604.0
      - date: '2310-01-01'
        population: 56020924.0
      - date: '2320-01-01'
        population: 101682225.0
      - date: '2330-01-01'
        population: 170263968.0
      - date: '2340-01-01'
        population: 265503680.0
      - date: '2350-01-01'
        population: 389108129.0
      - date: '2360-01-01'
        population: 544002767.0
      - date: '2367-07-01'
        faction:
          source: canon
          value:
            - CC
      - date: '2370-01-01'
        population: 725278227.0
      - date: '2380-01-01'
        population: 927559624.0
      - date: '2390-01-01'
        population: 1149454642.0
      - date: '2400-01-01'
        population: 1392688324.0
      - date: '2406-01-01'
        socioIndustrial: D-C-C-C-F
      - date: '2410-01-01'
        population: 1649404548.0
      - date: '2420-01-01'
        population: 1909537535.0
      - date: '2430-01-01'
        population: 2165726020.0
      - date: '2440-01-01'
        population: 2420272193.0
      - date: '2450-01-01'
        population: 2660387136.0
      - date: '2460-01-01'
        population: 2881956878.0
      - date: '2470-01-01'
        population: 3078843135.0
      - date: '2480-01-01'
        population: 3239376564.0
      - date: '2490-01-01'
        population: 3383843726.0
      - date: '2493-01-01'
        socioIndustrial: C-B-C-B-F
      - date: '2500-01-01'
        population: 3504828132.0
      - date: '2510-01-01'
        population: 3612919365.0
      - date: '2520-01-01'
        population: 3697871393.0
      - date: '2530-01-01'
        population: 3768122001.0
      - date: '2540-01-01'
        population: 3841991760.0
      - date: '2550-01-01'
        population: 3917032239.0
      - date: '2560-01-01'
        population: 4007910000.0
      - date: '2570-01-01'
        population: 4080416569.0
      - date: '2580-01-01'
        population: 4143204670.0
      - date: '2590-01-01'
        population: 4174450377.0
      - date: '2600-01-01'
        population: 4194607002.0
      - date: '2610-01-01'
        population: 4239929823.0
      - date: '2620-01-01'
        population: 4285426202.0
      - date: '2630-01-01'
        population: 4346580651.0
      - date: '2640-01-01'
        population: 4399990554.0
      - date: '2650-01-01'
        population: 4461059887.0
      - date: '2660-10-29'
        hpg:
          source: canon
          value: B
        population: 4522441642.0
      - date: '2670-01-01'
        population: 4593743160.0
      - date: '2677-01-01'
        socioIndustrial: B-A-C-A-F
      - date: '2680-01-01'
        population: 4659922961.0
      - date: '2690-01-01'
        population: 4721068588.0
      - date: '2700-01-01'
        population: 4752478757.0
      - date: '2710-01-01'
        population: 4802547142.0
      - date: '2720-01-01'
        population: 4830366408.0
      - date: '2730-01-01'
        population: 4888251119.0
      - date: '2740-01-01'
        population: 4918080997.0
      - date: '2750-01-01'
        population: 4966941508.0
      - date: '2760-01-01'
        population: 5042583493.0
      - date: '2770-01-01'
        population: 5082911201.0
      - date: '2780-01-01'
        population: 5128026848.0
      - date: '2790-01-01'
        population: 5141054512.0
      - date: '2800-01-01'
        population: 5138966737.0
      - date: '2810-01-01'
        population: 5118135564.0
      - date: '2820-01-01'
        population: 5053214298.0
      - date: '2830-01-01'
        population: 4975239970.0
      - date: '2840-01-01'
        population: 4903587791.0
      - date: '2842-01-01'
        socioIndustrial: B-B-C-B-F
      - date: '2850-01-01'
        population: 4832967528.0
      - date: '2860-01-01'
        population: 4764193588.0
      - date: '2870-01-01'
        population: 4706219019.0
      - date: '2880-01-01'
        population: 4652998082.0
      - date: '2890-01-01'
        population: 4578807518.0
      - date: '2894-01-01'
        socioIndustrial: C-C-D-C-F
      - date: '2900-01-01'
        population: 4538863689.0
      - date: '2910-01-01'
        population: 4475832909.0
      - date: '2920-01-01'
        population: 4414445821.0
      - date: '2930-01-01'
        population: 4359209321.0
      - date: '2940-01-01'
        population: 4338516944.0
      - date: '2950-01-01'
        population: 4311913748.0
      - date: '2960-01-01'
        population: 4286965947.0
      - date: '2970-01-01'
        population: 4277027290.0
      - date: '2980-01-01'
        population: 4243407885.0
      - date: '2990-01-01'
        population: 4218856445.0
      - date: '3000-01-01'
        population: 4204681749.0
      - date: '3010-01-01'
        population: 4187637768.0
      - date: '3020-01-01'
        population: 4183023477.0
      - date: '3025-01-01'
        population:
          source: canon
          value: 4128000000.0
      - date: '3030-03-13'
        faction:
          source: canon
          value:
            - SIC
        population: 4303662547.0
      - date: '3040-01-01'
        population: 4613201389.0
      - date: '3044-01-01'
        socioIndustrial:
          source: canon
          value: B-B-D-B-F
      - date: '3046-01-01'
        socioIndustrial:
          source: canon
          value: A-A-C-A-D
      - date: '3050-01-01'
        population: 4892943123.0
      - date: '3060-01-01'
        population: 5199957034.0
      - date: '3062-04-12'
        faction:
          source: canon
          value:
            - CC
      - date: '3067-01-01'
        population:
          source: canon
          value: 5450000000.0
      - date: '3070-01-01'
        population: 5450449944.0
      - date: '3079-01-01'
        population:
          source: canon
          value: 5451800000.0
      - date: '3080-01-01'
        population: 5456984219.0
      - date: '3081-01-01'
        socioIndustrial: A-B-C-A-D
      - date: '3090-01-01'
        population: 5518445985.0
      - date: '3098-01-01'
        socioIndustrial: A-B-C-A-C
      - date: '3100-01-01'
        population: 5582832680.0
      - date: '3110-01-01'
        population: 5651360408.0
      - date: '3120-01-01'
        population: 5747105267.0
      - date: '3130-01-01'
        population: 5847979964.0
      - date: '3132-08-07'
        hpg:
          source: canon
          value: X
      - date: '3140-01-01'
        population: 5936360863.0
      - date: '3145-01-01'
        population: 5976865677.0
  - name: Jhwh
    type: GIANT_TERRESTRIAL
    orbitalDist: 1.76
    sysPos: 4
    icon: gasg22
    pressure: VERY_HIGH
    atmosphere: TOXICPOISON
    composition: Hydrogen and Helium, plus trace gases
    gravity: 1.0
    diameter: 17500
    density: 4.0
    dayLength: 17
    yearLength: 2.6
  - name: Coolidge
    type: ICE_GIANT
    orbitalDist: 1.1
    sysPos: 5
    icon: iceg1
    pressure: VERY_HIGH
    atmosphere: TOXICPOISON
    composition: Hydrogen and Helium, plus trace gases
    gravity: 1.33
    diameter: 55000
    density: 1.7
    dayLength: 10
    yearLength: 1.6
    smallMoons: 9
    satellite:
      - name: L3-1
        size: large
        icon: rock7
      - name: L3-2
        size: large
        icon: rock16
      - name: L3-3
        size: large
        icon: rock2
      - name: L3-4
        size: medium
        icon: rock3
      - name: L3-5
        size: medium
        icon: rock8
  - name: First Scolder Belt I
    type: ASTEROID_BELT
    orbitalDist: 11.0
    sysPos: 6
    icon: asteroid2
    yearLength: 36.5
    temperature: -132
  - name: Scott's World
    type: GAS_GIANT
    orbitalDist: 21.56
    sysPos: 7
    icon: gasg9
    pressure: VERY_HIGH
    atmosphere: TOXICPOISON
    composition: Hydrogen and Helium, plus trace gases
    gravity: 1.42
    diameter: 100000
    density: 1.0
    dayLength: 9
    yearLength: 100.1
    smallMoons: 12
    satellite:
      - name: Aida Wedo A
        size: large
        icon: rock6
      - name: Aida Wedo B
        size: medium
        icon: rock12
  - name: Yam
    type: GAS_GIANT
    orbitalDist: 42.68
    sysPos: 8
    icon: gasg25
    pressure: VERY_HIGH
    atmosphere: TOXICPOISON
    composition: Hydrogen and Helium, plus trace gases
    gravity: 1.28
    diameter: 90000
    density: 1.0
    dayLength: 18
    yearLength: 278.8
    smallMoons: 19
  - name: First Scolder Belt II
    type: ASTEROID_BELT
    orbitalDist: 84.92
    sysPos: 9
    icon: asteroid1
    yearLength: 782.6
    temperature: -222
